{
  "name": "developpement_web",
  "version": "1.0.0",
  "lockfileVersion": 3,
  "requires": true,
  "packages": {
    "": {
      "name": "developpement_web",
      "version": "1.0.0",
      "license": "ISC",
      "dependencies": {
        "developpement_web": "file:../Developpement_web"
      }
    },
    "../Developpement_web": {
      "name": "developpement_web",
      "version": "1.0.0",
      "license": "ISC",
      "dependencies": {
        "developpement_web": "file:../Developpement_web"
      }
    },
    "node_modules/developpement_web": {
      "resolved": "../Developpement_web",
      "link": true
    }
  }
}
